// !$*UTF8*$!
{
	archiveVersion = 1;
	classes = {
	};
	objectVersion = 56;
	objects = {

/* Begin PBXBuildFile section */
		831E71862AC01BD70046142D /* Alamofire in Frameworks */ = {isa = PBXBuildFile; productRef = 831E71852AC01BD70046142D /* Alamofire */; };
		831E71892AC01C1F0046142D /* Kingfisher in Frameworks */ = {isa = PBXBuildFile; productRef = 831E71882AC01C1F0046142D /* Kingfisher */; };
		831E718C2AC01C8B0046142D /* Realm in Frameworks */ = {isa = PBXBuildFile; productRef = 831E718B2AC01C8B0046142D /* Realm */; };
		831E718E2AC01C8B0046142D /* RealmSwift in Frameworks */ = {isa = PBXBuildFile; productRef = 831E718D2AC01C8B0046142D /* RealmSwift */; };
		831E71912AC01CBE0046142D /* SkeletonView in Frameworks */ = {isa = PBXBuildFile; productRef = 831E71902AC01CBE0046142D /* SkeletonView */; };
		83627CE82AC01A2000359317 /* AppDelegate.swift in Sources */ = {isa = PBXBuildFile; fileRef = 83627CE72AC01A2000359317 /* AppDelegate.swift */; };
		83627CEA2AC01A2000359317 /* SceneDelegate.swift in Sources */ = {isa = PBXBuildFile; fileRef = 83627CE92AC01A2000359317 /* SceneDelegate.swift */; };
		83627CF12AC01A2100359317 /* Assets.xcassets in Resources */ = {isa = PBXBuildFile; fileRef = 83627CF02AC01A2100359317 /* Assets.xcassets */; };
		83627CF42AC01A2100359317 /* LaunchScreen.storyboard in Resources */ = {isa = PBXBuildFile; fileRef = 83627CF22AC01A2100359317 /* LaunchScreen.storyboard */; };
		83BAB5D12AC01F8100B3A53C /* APIConfiguration.swift in Sources */ = {isa = PBXBuildFile; fileRef = 83BAB5D02AC01F8100B3A53C /* APIConfiguration.swift */; };
		83BAB5D42AC0202400B3A53C /* EndpointProtocol.swift in Sources */ = {isa = PBXBuildFile; fileRef = 83BAB5D32AC0202400B3A53C /* EndpointProtocol.swift */; };
		83BAB5D72AC020A200B3A53C /* StringExtension.swift in Sources */ = {isa = PBXBuildFile; fileRef = 83BAB5D62AC020A200B3A53C /* StringExtension.swift */; };
		83BAB5D92AC020E100B3A53C /* DateExtension.swift in Sources */ = {isa = PBXBuildFile; fileRef = 83BAB5D82AC020E100B3A53C /* DateExtension.swift */; };
		83BAB5DC2AC03B9700B3A53C /* MarvelResponse.swift in Sources */ = {isa = PBXBuildFile; fileRef = 83BAB5DB2AC03B9700B3A53C /* MarvelResponse.swift */; };
		83BAB5DE2AC03BAF00B3A53C /* MarvelResponseData.swift in Sources */ = {isa = PBXBuildFile; fileRef = 83BAB5DD2AC03BAF00B3A53C /* MarvelResponseData.swift */; };
		83BAB5E02AC03BD100B3A53C /* NetworkManager.swift in Sources */ = {isa = PBXBuildFile; fileRef = 83BAB5DF2AC03BD100B3A53C /* NetworkManager.swift */; };
		83BAB5E32AC03C5600B3A53C /* RealmManager.swift in Sources */ = {isa = PBXBuildFile; fileRef = 83BAB5E22AC03C5600B3A53C /* RealmManager.swift */; };
		83BAB5E72AC03E0F00B3A53C /* MarvelCharactersEndpoint.swift in Sources */ = {isa = PBXBuildFile; fileRef = 83BAB5E62AC03E0F00B3A53C /* MarvelCharactersEndpoint.swift */; };
		83BAB5E92AC03FA200B3A53C /* MarvelCharacterDTO.swift in Sources */ = {isa = PBXBuildFile; fileRef = 83BAB5E82AC03FA200B3A53C /* MarvelCharacterDTO.swift */; };
		83BAB5EE2AC03FEB00B3A53C /* ThumbnailDTO.swift in Sources */ = {isa = PBXBuildFile; fileRef = 83BAB5ED2AC03FEB00B3A53C /* ThumbnailDTO.swift */; };
		83BAB5F02AC0423000B3A53C /* MarvelCharactersRepository.swift in Sources */ = {isa = PBXBuildFile; fileRef = 83BAB5EF2AC0423000B3A53C /* MarvelCharactersRepository.swift */; };
		83BAB5F62AC0433000B3A53C /* MarvelCharacter.swift in Sources */ = {isa = PBXBuildFile; fileRef = 83BAB5F52AC0433000B3A53C /* MarvelCharacter.swift */; };
		83BAB5F92AC0435200B3A53C /* Thumbnail.swift in Sources */ = {isa = PBXBuildFile; fileRef = 83BAB5F82AC0435200B3A53C /* Thumbnail.swift */; };
		83BAB5FC2AC0465A00B3A53C /* MarvelCharactersViewModel.swift in Sources */ = {isa = PBXBuildFile; fileRef = 83BAB5FB2AC0465A00B3A53C /* MarvelCharactersViewModel.swift */; };
		83BAB6012AC0519E00B3A53C /* MarvelCharacterTableCell.swift in Sources */ = {isa = PBXBuildFile; fileRef = 83BAB5FF2AC0519E00B3A53C /* MarvelCharacterTableCell.swift */; };
		83BAB6022AC0519E00B3A53C /* MarvelCharacterTableCell.xib in Resources */ = {isa = PBXBuildFile; fileRef = 83BAB6002AC0519E00B3A53C /* MarvelCharacterTableCell.xib */; };
		83BAB6052AC0539200B3A53C /* MarvelCharacters.storyboard in Resources */ = {isa = PBXBuildFile; fileRef = 83BAB6042AC0539200B3A53C /* MarvelCharacters.storyboard */; };
		83BAB6072AC053E400B3A53C /* MarvelCharactersViewController.swift in Sources */ = {isa = PBXBuildFile; fileRef = 83BAB6062AC053E400B3A53C /* MarvelCharactersViewController.swift */; };
		83BAB60A2AC0541700B3A53C /* BaseViewController.swift in Sources */ = {isa = PBXBuildFile; fileRef = 83BAB6092AC0541700B3A53C /* BaseViewController.swift */; };
		83BAB60C2AC0797F00B3A53C /* ActivityIndicator.swift in Sources */ = {isa = PBXBuildFile; fileRef = 83BAB60B2AC0797F00B3A53C /* ActivityIndicator.swift */; };
		83BAB60F2AC07A1D00B3A53C /* LoadMoreTableCell.swift in Sources */ = {isa = PBXBuildFile; fileRef = 83BAB60D2AC07A1D00B3A53C /* LoadMoreTableCell.swift */; };
		83BAB6102AC07A1D00B3A53C /* LoadMoreTableCell.xib in Resources */ = {isa = PBXBuildFile; fileRef = 83BAB60E2AC07A1D00B3A53C /* LoadMoreTableCell.xib */; };
/* End PBXBuildFile section */

/* Begin PBXFileReference section */
		83627CE42AC01A2000359317 /* Marvel.app */ = {isa = PBXFileReference; explicitFileType = wrapper.application; includeInIndex = 0; path = Marvel.app; sourceTree = BUILT_PRODUCTS_DIR; };
		83627CE72AC01A2000359317 /* AppDelegate.swift */ = {isa = PBXFileReference; lastKnownFileType = sourcecode.swift; path = AppDelegate.swift; sourceTree = "<group>"; };
		83627CE92AC01A2000359317 /* SceneDelegate.swift */ = {isa = PBXFileReference; lastKnownFileType = sourcecode.swift; path = SceneDelegate.swift; sourceTree = "<group>"; };
		83627CF02AC01A2100359317 /* Assets.xcassets */ = {isa = PBXFileReference; lastKnownFileType = folder.assetcatalog; path = Assets.xcassets; sourceTree = "<group>"; };
		83627CF32AC01A2100359317 /* Base */ = {isa = PBXFileReference; lastKnownFileType = file.storyboard; name = Base; path = Base.lproj/LaunchScreen.storyboard; sourceTree = "<group>"; };
		83627CF52AC01A2100359317 /* Info.plist */ = {isa = PBXFileReference; lastKnownFileType = text.plist.xml; path = Info.plist; sourceTree = "<group>"; };
		83BAB5D02AC01F8100B3A53C /* APIConfiguration.swift */ = {isa = PBXFileReference; lastKnownFileType = sourcecode.swift; path = APIConfiguration.swift; sourceTree = "<group>"; };
		83BAB5D32AC0202400B3A53C /* EndpointProtocol.swift */ = {isa = PBXFileReference; lastKnownFileType = sourcecode.swift; path = EndpointProtocol.swift; sourceTree = "<group>"; };
		83BAB5D62AC020A200B3A53C /* StringExtension.swift */ = {isa = PBXFileReference; lastKnownFileType = sourcecode.swift; path = StringExtension.swift; sourceTree = "<group>"; };
		83BAB5D82AC020E100B3A53C /* DateExtension.swift */ = {isa = PBXFileReference; lastKnownFileType = sourcecode.swift; path = DateExtension.swift; sourceTree = "<group>"; };
		83BAB5DB2AC03B9700B3A53C /* MarvelResponse.swift */ = {isa = PBXFileReference; lastKnownFileType = sourcecode.swift; path = MarvelResponse.swift; sourceTree = "<group>"; };
		83BAB5DD2AC03BAF00B3A53C /* MarvelResponseData.swift */ = {isa = PBXFileReference; lastKnownFileType = sourcecode.swift; path = MarvelResponseData.swift; sourceTree = "<group>"; };
		83BAB5DF2AC03BD100B3A53C /* NetworkManager.swift */ = {isa = PBXFileReference; lastKnownFileType = sourcecode.swift; path = NetworkManager.swift; sourceTree = "<group>"; };
		83BAB5E22AC03C5600B3A53C /* RealmManager.swift */ = {isa = PBXFileReference; lastKnownFileType = sourcecode.swift; path = RealmManager.swift; sourceTree = "<group>"; };
		83BAB5E62AC03E0F00B3A53C /* MarvelCharactersEndpoint.swift */ = {isa = PBXFileReference; lastKnownFileType = sourcecode.swift; path = MarvelCharactersEndpoint.swift; sourceTree = "<group>"; };
		83BAB5E82AC03FA200B3A53C /* MarvelCharacterDTO.swift */ = {isa = PBXFileReference; lastKnownFileType = sourcecode.swift; path = MarvelCharacterDTO.swift; sourceTree = "<group>"; };
		83BAB5ED2AC03FEB00B3A53C /* ThumbnailDTO.swift */ = {isa = PBXFileReference; lastKnownFileType = sourcecode.swift; path = ThumbnailDTO.swift; sourceTree = "<group>"; };
		83BAB5EF2AC0423000B3A53C /* MarvelCharactersRepository.swift */ = {isa = PBXFileReference; lastKnownFileType = sourcecode.swift; path = MarvelCharactersRepository.swift; sourceTree = "<group>"; };
		83BAB5F52AC0433000B3A53C /* MarvelCharacter.swift */ = {isa = PBXFileReference; lastKnownFileType = sourcecode.swift; path = MarvelCharacter.swift; sourceTree = "<group>"; };
		83BAB5F82AC0435200B3A53C /* Thumbnail.swift */ = {isa = PBXFileReference; lastKnownFileType = sourcecode.swift; path = Thumbnail.swift; sourceTree = "<group>"; };
		83BAB5FB2AC0465A00B3A53C /* MarvelCharactersViewModel.swift */ = {isa = PBXFileReference; lastKnownFileType = sourcecode.swift; path = MarvelCharactersViewModel.swift; sourceTree = "<group>"; };
		83BAB5FF2AC0519E00B3A53C /* MarvelCharacterTableCell.swift */ = {isa = PBXFileReference; lastKnownFileType = sourcecode.swift; path = MarvelCharacterTableCell.swift; sourceTree = "<group>"; };
		83BAB6002AC0519E00B3A53C /* MarvelCharacterTableCell.xib */ = {isa = PBXFileReference; lastKnownFileType = file.xib; path = MarvelCharacterTableCell.xib; sourceTree = "<group>"; };
		83BAB6042AC0539200B3A53C /* MarvelCharacters.storyboard */ = {isa = PBXFileReference; lastKnownFileType = file.storyboard; path = MarvelCharacters.storyboard; sourceTree = "<group>"; };
		83BAB6062AC053E400B3A53C /* MarvelCharactersViewController.swift */ = {isa = PBXFileReference; lastKnownFileType = sourcecode.swift; path = MarvelCharactersViewController.swift; sourceTree = "<group>"; };
		83BAB6092AC0541700B3A53C /* BaseViewController.swift */ = {isa = PBXFileReference; lastKnownFileType = sourcecode.swift; path = BaseViewController.swift; sourceTree = "<group>"; };
		83BAB60B2AC0797F00B3A53C /* ActivityIndicator.swift */ = {isa = PBXFileReference; lastKnownFileType = sourcecode.swift; path = ActivityIndicator.swift; sourceTree = "<group>"; };
		83BAB60D2AC07A1D00B3A53C /* LoadMoreTableCell.swift */ = {isa = PBXFileReference; lastKnownFileType = sourcecode.swift; path = LoadMoreTableCell.swift; sourceTree = "<group>"; };
		83BAB60E2AC07A1D00B3A53C /* LoadMoreTableCell.xib */ = {isa = PBXFileReference; lastKnownFileType = file.xib; path = LoadMoreTableCell.xib; sourceTree = "<group>"; };
/* End PBXFileReference section */

/* Begin PBXFrameworksBuildPhase section */
		83627CE12AC01A2000359317 /* Frameworks */ = {
			isa = PBXFrameworksBuildPhase;
			buildActionMask = 2147483647;
			files = (
				831E718E2AC01C8B0046142D /* RealmSwift in Frameworks */,
				831E718C2AC01C8B0046142D /* Realm in Frameworks */,
				831E71892AC01C1F0046142D /* Kingfisher in Frameworks */,
				831E71862AC01BD70046142D /* Alamofire in Frameworks */,
				831E71912AC01CBE0046142D /* SkeletonView in Frameworks */,
			);
			runOnlyForDeploymentPostprocessing = 0;
		};
/* End PBXFrameworksBuildPhase section */

/* Begin PBXGroup section */
		831E71922AC01D150046142D /* Application */ = {
			isa = PBXGroup;
			children = (
				83627CE72AC01A2000359317 /* AppDelegate.swift */,
				83627CE92AC01A2000359317 /* SceneDelegate.swift */,
				83BAB5D02AC01F8100B3A53C /* APIConfiguration.swift */,
			);
			path = Application;
			sourceTree = "<group>";
		};
		831E71932AC01D220046142D /* Scenes */ = {
			isa = PBXGroup;
			children = (
				83BAB5E42AC03DE000B3A53C /* MarvelCharacters */,
			);
			path = Scenes;
			sourceTree = "<group>";
		};
		831E71942AC01D2B0046142D /* Common */ = {
			isa = PBXGroup;
			children = (
				83BAB5F72AC0434D00B3A53C /* Model */,
				83BAB5EB2AC03FD700B3A53C /* Repository */,
				83BAB5D52AC0209300B3A53C /* Extension */,
				83BAB6082AC053FA00B3A53C /* View */,
			);
			path = Common;
			sourceTree = "<group>";
		};
		831E71952AC01D420046142D /* Infrastructure */ = {
			isa = PBXGroup;
			children = (
				83BAB5E12AC03C4E00B3A53C /* Realm */,
				83BAB5DA2AC03B8000B3A53C /* Base */,
				83BAB5D22AC0201800B3A53C /* Network */,
			);
			path = Infrastructure;
			sourceTree = "<group>";
		};
		831E71962AC01D550046142D /* Resources */ = {
			isa = PBXGroup;
			children = (
				83627CF02AC01A2100359317 /* Assets.xcassets */,
				83627CF52AC01A2100359317 /* Info.plist */,
				83627CF22AC01A2100359317 /* LaunchScreen.storyboard */,
			);
			path = Resources;
			sourceTree = "<group>";
		};
		83627CDB2AC01A2000359317 = {
			isa = PBXGroup;
			children = (
				83627CE62AC01A2000359317 /* Marvel */,
				83627CE52AC01A2000359317 /* Products */,
			);
			sourceTree = "<group>";
		};
		83627CE52AC01A2000359317 /* Products */ = {
			isa = PBXGroup;
			children = (
				83627CE42AC01A2000359317 /* Marvel.app */,
			);
			name = Products;
			sourceTree = "<group>";
		};
		83627CE62AC01A2000359317 /* Marvel */ = {
			isa = PBXGroup;
			children = (
				831E71922AC01D150046142D /* Application */,
				831E71932AC01D220046142D /* Scenes */,
				831E71942AC01D2B0046142D /* Common */,
				831E71952AC01D420046142D /* Infrastructure */,
				831E71962AC01D550046142D /* Resources */,
			);
			path = Marvel;
			sourceTree = "<group>";
		};
		83BAB5D22AC0201800B3A53C /* Network */ = {
			isa = PBXGroup;
			children = (
				83BAB5D32AC0202400B3A53C /* EndpointProtocol.swift */,
				83BAB5DF2AC03BD100B3A53C /* NetworkManager.swift */,
			);
			path = Network;
			sourceTree = "<group>";
		};
		83BAB5D52AC0209300B3A53C /* Extension */ = {
			isa = PBXGroup;
			children = (
				83BAB5D62AC020A200B3A53C /* StringExtension.swift */,
				83BAB5D82AC020E100B3A53C /* DateExtension.swift */,
			);
			path = Extension;
			sourceTree = "<group>";
		};
		83BAB5DA2AC03B8000B3A53C /* Base */ = {
			isa = PBXGroup;
			children = (
				83BAB5DB2AC03B9700B3A53C /* MarvelResponse.swift */,
				83BAB5DD2AC03BAF00B3A53C /* MarvelResponseData.swift */,
			);
			path = Base;
			sourceTree = "<group>";
		};
		83BAB5E12AC03C4E00B3A53C /* Realm */ = {
			isa = PBXGroup;
			children = (
				83BAB5E22AC03C5600B3A53C /* RealmManager.swift */,
			);
			path = Realm;
			sourceTree = "<group>";
		};
		83BAB5E42AC03DE000B3A53C /* MarvelCharacters */ = {
			isa = PBXGroup;
			children = (
				83BAB5E52AC03DF400B3A53C /* Repository */,
				83BAB5F42AC0432000B3A53C /* Model */,
				83BAB5FA2AC0464100B3A53C /* ViewModel */,
				83BAB5FE2AC0518200B3A53C /* View */,
			);
			path = MarvelCharacters;
			sourceTree = "<group>";
		};
		83BAB5E52AC03DF400B3A53C /* Repository */ = {
			isa = PBXGroup;
			children = (
				83BAB5EA2AC03FA400B3A53C /* DTOs */,
				83BAB5E62AC03E0F00B3A53C /* MarvelCharactersEndpoint.swift */,
				83BAB5EF2AC0423000B3A53C /* MarvelCharactersRepository.swift */,
			);
			path = Repository;
			sourceTree = "<group>";
		};
		83BAB5EA2AC03FA400B3A53C /* DTOs */ = {
			isa = PBXGroup;
			children = (
				83BAB5E82AC03FA200B3A53C /* MarvelCharacterDTO.swift */,
			);
			path = DTOs;
			sourceTree = "<group>";
		};
		83BAB5EB2AC03FD700B3A53C /* Repository */ = {
			isa = PBXGroup;
			children = (
				83BAB5EC2AC03FDF00B3A53C /* DTOs */,
			);
			path = Repository;
			sourceTree = "<group>";
		};
		83BAB5EC2AC03FDF00B3A53C /* DTOs */ = {
			isa = PBXGroup;
			children = (
				83BAB5ED2AC03FEB00B3A53C /* ThumbnailDTO.swift */,
			);
			path = DTOs;
			sourceTree = "<group>";
		};
		83BAB5F42AC0432000B3A53C /* Model */ = {
			isa = PBXGroup;
			children = (
				83BAB5F52AC0433000B3A53C /* MarvelCharacter.swift */,
			);
			path = Model;
			sourceTree = "<group>";
		};
		83BAB5F72AC0434D00B3A53C /* Model */ = {
			isa = PBXGroup;
			children = (
				83BAB5F82AC0435200B3A53C /* Thumbnail.swift */,
			);
			path = Model;
			sourceTree = "<group>";
		};
		83BAB5FA2AC0464100B3A53C /* ViewModel */ = {
			isa = PBXGroup;
			children = (
				83BAB5FB2AC0465A00B3A53C /* MarvelCharactersViewModel.swift */,
			);
			path = ViewModel;
			sourceTree = "<group>";
		};
		83BAB5FE2AC0518200B3A53C /* View */ = {
			isa = PBXGroup;
			children = (
				83BAB6062AC053E400B3A53C /* MarvelCharactersViewController.swift */,
				83BAB6042AC0539200B3A53C /* MarvelCharacters.storyboard */,
				83BAB5FF2AC0519E00B3A53C /* MarvelCharacterTableCell.swift */,
				83BAB6002AC0519E00B3A53C /* MarvelCharacterTableCell.xib */,
			);
			path = View;
			sourceTree = "<group>";
		};
		83BAB6082AC053FA00B3A53C /* View */ = {
			isa = PBXGroup;
			children = (
				83BAB6092AC0541700B3A53C /* BaseViewController.swift */,
				83BAB60B2AC0797F00B3A53C /* ActivityIndicator.swift */,
				83BAB60D2AC07A1D00B3A53C /* LoadMoreTableCell.swift */,
				83BAB60E2AC07A1D00B3A53C /* LoadMoreTableCell.xib */,
			);
			path = View;
			sourceTree = "<group>";
		};
/* End PBXGroup section */

/* Begin PBXNativeTarget section */
		83627CE32AC01A2000359317 /* Marvel */ = {
			isa = PBXNativeTarget;
			buildConfigurationList = 83627CF82AC01A2100359317 /* Build configuration list for PBXNativeTarget "Marvel" */;
			buildPhases = (
				83627CE02AC01A2000359317 /* Sources */,
				83627CE12AC01A2000359317 /* Frameworks */,
				83627CE22AC01A2000359317 /* Resources */,
			);
			buildRules = (
			);
			dependencies = (
			);
			name = Marvel;
			packageProductDependencies = (
				831E71852AC01BD70046142D /* Alamofire */,
				831E71882AC01C1F0046142D /* Kingfisher */,
				831E718B2AC01C8B0046142D /* Realm */,
				831E718D2AC01C8B0046142D /* RealmSwift */,
				831E71902AC01CBE0046142D /* SkeletonView */,
			);
			productName = Marvel;
			productReference = 83627CE42AC01A2000359317 /* Marvel.app */;
			productType = "com.apple.product-type.application";
		};
/* End PBXNativeTarget section */

/* Begin PBXProject section */
		83627CDC2AC01A2000359317 /* Project object */ = {
			isa = PBXProject;
			attributes = {
				BuildIndependentTargetsInParallel = 1;
				LastSwiftUpdateCheck = 1500;
				LastUpgradeCheck = 1500;
				TargetAttributes = {
					83627CE32AC01A2000359317 = {
						CreatedOnToolsVersion = 15.0;
					};
				};
			};
			buildConfigurationList = 83627CDF2AC01A2000359317 /* Build configuration list for PBXProject "Marvel" */;
			compatibilityVersion = "Xcode 14.0";
			developmentRegion = en;
			hasScannedForEncodings = 0;
			knownRegions = (
				en,
				Base,
			);
			mainGroup = 83627CDB2AC01A2000359317;
			packageReferences = (
				831E71842AC01BD70046142D /* XCRemoteSwiftPackageReference "Alamofire" */,
				831E71872AC01C1F0046142D /* XCRemoteSwiftPackageReference "Kingfisher" */,
				831E718A2AC01C8B0046142D /* XCRemoteSwiftPackageReference "realm-swift" */,
				831E718F2AC01CBE0046142D /* XCRemoteSwiftPackageReference "SkeletonView" */,
			);
			productRefGroup = 83627CE52AC01A2000359317 /* Products */;
			projectDirPath = "";
			projectRoot = "";
			targets = (
				83627CE32AC01A2000359317 /* Marvel */,
			);
		};
/* End PBXProject section */

/* Begin PBXResourcesBuildPhase section */
		83627CE22AC01A2000359317 /* Resources */ = {
			isa = PBXResourcesBuildPhase;
			buildActionMask = 2147483647;
			files = (
				83627CF42AC01A2100359317 /* LaunchScreen.storyboard in Resources */,
				83BAB6022AC0519E00B3A53C /* MarvelCharacterTableCell.xib in Resources */,
				83627CF12AC01A2100359317 /* Assets.xcassets in Resources */,
				83BAB6052AC0539200B3A53C /* MarvelCharacters.storyboard in Resources */,
				83BAB6102AC07A1D00B3A53C /* LoadMoreTableCell.xib in Resources */,
			);
			runOnlyForDeploymentPostprocessing = 0;
		};
/* End PBXResourcesBuildPhase section */

/* Begin PBXSourcesBuildPhase section */
		83627CE02AC01A2000359317 /* Sources */ = {
			isa = PBXSourcesBuildPhase;
			buildActionMask = 2147483647;
			files = (
				83BAB5F92AC0435200B3A53C /* Thumbnail.swift in Sources */,
				83BAB5E72AC03E0F00B3A53C /* MarvelCharactersEndpoint.swift in Sources */,
				83BAB5D92AC020E100B3A53C /* DateExtension.swift in Sources */,
				83BAB5E32AC03C5600B3A53C /* RealmManager.swift in Sources */,
				83BAB60C2AC0797F00B3A53C /* ActivityIndicator.swift in Sources */,
				83BAB6072AC053E400B3A53C /* MarvelCharactersViewController.swift in Sources */,
				83BAB60A2AC0541700B3A53C /* BaseViewController.swift in Sources */,
				83BAB5FC2AC0465A00B3A53C /* MarvelCharactersViewModel.swift in Sources */,
				83BAB5F62AC0433000B3A53C /* MarvelCharacter.swift in Sources */,
				83BAB5E02AC03BD100B3A53C /* NetworkManager.swift in Sources */,
				83BAB5E92AC03FA200B3A53C /* MarvelCharacterDTO.swift in Sources */,
				83627CE82AC01A2000359317 /* AppDelegate.swift in Sources */,
				83BAB6012AC0519E00B3A53C /* MarvelCharacterTableCell.swift in Sources */,
				83BAB5DE2AC03BAF00B3A53C /* MarvelResponseData.swift in Sources */,
				83BAB5D72AC020A200B3A53C /* StringExtension.swift in Sources */,
				83BAB5D42AC0202400B3A53C /* EndpointProtocol.swift in Sources */,
				83BAB5DC2AC03B9700B3A53C /* MarvelResponse.swift in Sources */,
				83BAB5F02AC0423000B3A53C /* MarvelCharactersRepository.swift in Sources */,
				83BAB5D12AC01F8100B3A53C /* APIConfiguration.swift in Sources */,
				83BAB5EE2AC03FEB00B3A53C /* ThumbnailDTO.swift in Sources */,
				83627CEA2AC01A2000359317 /* SceneDelegate.swift in Sources */,
				83BAB60F2AC07A1D00B3A53C /* LoadMoreTableCell.swift in Sources */,
			);
			runOnlyForDeploymentPostprocessing = 0;
		};
/* End PBXSourcesBuildPhase section */

/* Begin PBXVariantGroup section */
		83627CF22AC01A2100359317 /* LaunchScreen.storyboard */ = {
			isa = PBXVariantGroup;
			children = (
				83627CF32AC01A2100359317 /* Base */,
			);
			name = LaunchScreen.storyboard;
			sourceTree = "<group>";
		};
/* End PBXVariantGroup section */

/* Begin XCBuildConfiguration section */
		83627CF62AC01A2100359317 /* Debug */ = {
			isa = XCBuildConfiguration;
			buildSettings = {
				ALWAYS_SEARCH_USER_PATHS = NO;
				ASSETCATALOG_COMPILER_GENERATE_SWIFT_ASSET_SYMBOL_EXTENSIONS = YES;
				CLANG_ANALYZER_NONNULL = YES;
				CLANG_ANALYZER_NUMBER_OBJECT_CONVERSION = YES_AGGRESSIVE;
				CLANG_CXX_LANGUAGE_STANDARD = "gnu++20";
				CLANG_ENABLE_MODULES = YES;
				CLANG_ENABLE_OBJC_ARC = YES;
				CLANG_ENABLE_OBJC_WEAK = YES;
				CLANG_WARN_BLOCK_CAPTURE_AUTORELEASING = YES;
				CLANG_WARN_BOOL_CONVERSION = YES;
				CLANG_WARN_COMMA = YES;
				CLANG_WARN_CONSTANT_CONVERSION = YES;
				CLANG_WARN_DEPRECATED_OBJC_IMPLEMENTATIONS = YES;
				CLANG_WARN_DIRECT_OBJC_ISA_USAGE = YES_ERROR;
				CLANG_WARN_DOCUMENTATION_COMMENTS = YES;
				CLANG_WARN_EMPTY_BODY = YES;
				CLANG_WARN_ENUM_CONVERSION = YES;
				CLANG_WARN_INFINITE_RECURSION = YES;
				CLANG_WARN_INT_CONVERSION = YES;
				CLANG_WARN_NON_LITERAL_NULL_CONVERSION = YES;
				CLANG_WARN_OBJC_IMPLICIT_RETAIN_SELF = YES;
				CLANG_WARN_OBJC_LITERAL_CONVERSION = YES;
				CLANG_WARN_OBJC_ROOT_CLASS = YES_ERROR;
				CLANG_WARN_QUOTED_INCLUDE_IN_FRAMEWORK_HEADER = YES;
				CLANG_WARN_RANGE_LOOP_ANALYSIS = YES;
				CLANG_WARN_STRICT_PROTOTYPES = YES;
				CLANG_WARN_SUSPICIOUS_MOVE = YES;
				CLANG_WARN_UNGUARDED_AVAILABILITY = YES_AGGRESSIVE;
				CLANG_WARN_UNREACHABLE_CODE = YES;
				CLANG_WARN__DUPLICATE_METHOD_MATCH = YES;
				COPY_PHASE_STRIP = NO;
				DEBUG_INFORMATION_FORMAT = dwarf;
				ENABLE_STRICT_OBJC_MSGSEND = YES;
				ENABLE_TESTABILITY = YES;
				ENABLE_USER_SCRIPT_SANDBOXING = YES;
				GCC_C_LANGUAGE_STANDARD = gnu17;
				GCC_DYNAMIC_NO_PIC = NO;
				GCC_NO_COMMON_BLOCKS = YES;
				GCC_OPTIMIZATION_LEVEL = 0;
				GCC_PREPROCESSOR_DEFINITIONS = (
					"DEBUG=1",
					"$(inherited)",
				);
				GCC_WARN_64_TO_32_BIT_CONVERSION = YES;
				GCC_WARN_ABOUT_RETURN_TYPE = YES_ERROR;
				GCC_WARN_UNDECLARED_SELECTOR = YES;
				GCC_WARN_UNINITIALIZED_AUTOS = YES_AGGRESSIVE;
				GCC_WARN_UNUSED_FUNCTION = YES;
				GCC_WARN_UNUSED_VARIABLE = YES;
				IPHONEOS_DEPLOYMENT_TARGET = 15.0;
				LOCALIZATION_PREFERS_STRING_CATALOGS = YES;
				MTL_ENABLE_DEBUG_INFO = INCLUDE_SOURCE;
				MTL_FAST_MATH = YES;
				ONLY_ACTIVE_ARCH = YES;
				SDKROOT = iphoneos;
				SWIFT_ACTIVE_COMPILATION_CONDITIONS = "DEBUG $(inherited)";
				SWIFT_OPTIMIZATION_LEVEL = "-Onone";
			};
			name = Debug;
		};
		83627CF72AC01A2100359317 /* Release */ = {
			isa = XCBuildConfiguration;
			buildSettings = {
				ALWAYS_SEARCH_USER_PATHS = NO;
				ASSETCATALOG_COMPILER_GENERATE_SWIFT_ASSET_SYMBOL_EXTENSIONS = YES;
				CLANG_ANALYZER_NONNULL = YES;
				CLANG_ANALYZER_NUMBER_OBJECT_CONVERSION = YES_AGGRESSIVE;
				CLANG_CXX_LANGUAGE_STANDARD = "gnu++20";
				CLANG_ENABLE_MODULES = YES;
				CLANG_ENABLE_OBJC_ARC = YES;
				CLANG_ENABLE_OBJC_WEAK = YES;
				CLANG_WARN_BLOCK_CAPTURE_AUTORELEASING = YES;
				CLANG_WARN_BOOL_CONVERSION = YES;
				CLANG_WARN_COMMA = YES;
				CLANG_WARN_CONSTANT_CONVERSION = YES;
				CLANG_WARN_DEPRECATED_OBJC_IMPLEMENTATIONS = YES;
				CLANG_WARN_DIRECT_OBJC_ISA_USAGE = YES_ERROR;
				CLANG_WARN_DOCUMENTATION_COMMENTS = YES;
				CLANG_WARN_EMPTY_BODY = YES;
				CLANG_WARN_ENUM_CONVERSION = YES;
				CLANG_WARN_INFINITE_RECURSION = YES;
				CLANG_WARN_INT_CONVERSION = YES;
				CLANG_WARN_NON_LITERAL_NULL_CONVERSION = YES;
				CLANG_WARN_OBJC_IMPLICIT_RETAIN_SELF = YES;
				CLANG_WARN_OBJC_LITERAL_CONVERSION = YES;
				CLANG_WARN_OBJC_ROOT_CLASS = YES_ERROR;
				CLANG_WARN_QUOTED_INCLUDE_IN_FRAMEWORK_HEADER = YES;
				CLANG_WARN_RANGE_LOOP_ANALYSIS = YES;
				CLANG_WARN_STRICT_PROTOTYPES = YES;
				CLANG_WARN_SUSPICIOUS_MOVE = YES;
				CLANG_WARN_UNGUARDED_AVAILABILITY = YES_AGGRESSIVE;
				CLANG_WARN_UNREACHABLE_CODE = YES;
				CLANG_WARN__DUPLICATE_METHOD_MATCH = YES;
				COPY_PHASE_STRIP = NO;
				DEBUG_INFORMATION_FORMAT = "dwarf-with-dsym";
				ENABLE_NS_ASSERTIONS = NO;
				ENABLE_STRICT_OBJC_MSGSEND = YES;
				ENABLE_USER_SCRIPT_SANDBOXING = YES;
				GCC_C_LANGUAGE_STANDARD = gnu17;
				GCC_NO_COMMON_BLOCKS = YES;
				GCC_WARN_64_TO_32_BIT_CONVERSION = YES;
				GCC_WARN_ABOUT_RETURN_TYPE = YES_ERROR;
				GCC_WARN_UNDECLARED_SELECTOR = YES;
				GCC_WARN_UNINITIALIZED_AUTOS = YES_AGGRESSIVE;
				GCC_WARN_UNUSED_FUNCTION = YES;
				GCC_WARN_UNUSED_VARIABLE = YES;
				IPHONEOS_DEPLOYMENT_TARGET = 15.0;
				LOCALIZATION_PREFERS_STRING_CATALOGS = YES;
				MTL_ENABLE_DEBUG_INFO = NO;
				MTL_FAST_MATH = YES;
				SDKROOT = iphoneos;
				SWIFT_COMPILATION_MODE = wholemodule;
				VALIDATE_PRODUCT = YES;
			};
			name = Release;
		};
		83627CF92AC01A2100359317 /* Debug */ = {
			isa = XCBuildConfiguration;
			buildSettings = {
				ASSETCATALOG_COMPILER_APPICON_NAME = AppIcon;
				ASSETCATALOG_COMPILER_GLOBAL_ACCENT_COLOR_NAME = AccentColor;
				CODE_SIGN_STYLE = Automatic;
				CURRENT_PROJECT_VERSION = 1;
				GENERATE_INFOPLIST_FILE = YES;
				INFOPLIST_FILE = Marvel/Resources/Info.plist;
				INFOPLIST_KEY_UIApplicationSupportsIndirectInputEvents = YES;
				INFOPLIST_KEY_UILaunchStoryboardName = LaunchScreen;
				INFOPLIST_KEY_UIMainStoryboardFile = MarvelCharacters;
				INFOPLIST_KEY_UISupportedInterfaceOrientations = UIInterfaceOrientationPortrait;
				LD_RUNPATH_SEARCH_PATHS = (
					"$(inherited)",
					"@executable_path/Frameworks",
				);
				MARKETING_VERSION = 1.0;
				PRODUCT_BUNDLE_IDENTIFIER = charbel.hasrouni.Marvel;
				PRODUCT_NAME = "$(TARGET_NAME)";
				SWIFT_EMIT_LOC_STRINGS = YES;
				SWIFT_VERSION = 5.0;
				TARGETED_DEVICE_FAMILY = "1,2";
			};
			name = Debug;
		};
		83627CFA2AC01A2100359317 /* Release */ = {
			isa = XCBuildConfiguration;
			buildSettings = {
				ASSETCATALOG_COMPILER_APPICON_NAME = AppIcon;
				ASSETCATALOG_COMPILER_GLOBAL_ACCENT_COLOR_NAME = AccentColor;
				CODE_SIGN_STYLE = Automatic;
				CURRENT_PROJECT_VERSION = 1;
				GENERATE_INFOPLIST_FILE = YES;
				INFOPLIST_FILE = Marvel/Resources/Info.plist;
				INFOPLIST_KEY_UIApplicationSupportsIndirectInputEvents = YES;
				INFOPLIST_KEY_UILaunchStoryboardName = LaunchScreen;
				INFOPLIST_KEY_UIMainStoryboardFile = MarvelCharacters;
				INFOPLIST_KEY_UISupportedInterfaceOrientations = UIInterfaceOrientationPortrait;
				LD_RUNPATH_SEARCH_PATHS = (
					"$(inherited)",
					"@executable_path/Frameworks",
				);
				MARKETING_VERSION = 1.0;
				PRODUCT_BUNDLE_IDENTIFIER = charbel.hasrouni.Marvel;
				PRODUCT_NAME = "$(TARGET_NAME)";
				SWIFT_EMIT_LOC_STRINGS = YES;
				SWIFT_VERSION = 5.0;
				TARGETED_DEVICE_FAMILY = "1,2";
			};
			name = Release;
		};
/* End XCBuildConfiguration section */

/* Begin XCConfigurationList section */
		83627CDF2AC01A2000359317 /* Build configuration list for PBXProject "Marvel" */ = {
			isa = XCConfigurationList;
			buildConfigurations = (
				83627CF62AC01A2100359317 /* Debug */,
				83627CF72AC01A2100359317 /* Release */,
			);
			defaultConfigurationIsVisible = 0;
			defaultConfigurationName = Release;
		};
		83627CF82AC01A2100359317 /* Build configuration list for PBXNativeTarget "Marvel" */ = {
			isa = XCConfigurationList;
			buildConfigurations = (
				83627CF92AC01A2100359317 /* Debug */,
				83627CFA2AC01A2100359317 /* Release */,
			);
			defaultConfigurationIsVisible = 0;
			defaultConfigurationName = Release;
		};
/* End XCConfigurationList section */

/* Begin XCRemoteSwiftPackageReference section */
		831E71842AC01BD70046142D /* XCRemoteSwiftPackageReference "Alamofire" */ = {
			isa = XCRemoteSwiftPackageReference;
			repositoryURL = "https://github.com/Alamofire/Alamofire";
			requirement = {
				kind = upToNextMajorVersion;
				minimumVersion = 5.8.0;
			};
		};
		831E71872AC01C1F0046142D /* XCRemoteSwiftPackageReference "Kingfisher" */ = {
			isa = XCRemoteSwiftPackageReference;
			repositoryURL = "https://github.com/onevcat/Kingfisher.git";
			requirement = {
				kind = upToNextMajorVersion;
				minimumVersion = 7.9.1;
			};
		};
		831E718A2AC01C8B0046142D /* XCRemoteSwiftPackageReference "realm-swift" */ = {
			isa = XCRemoteSwiftPackageReference;
			repositoryURL = "https://github.com/realm/realm-swift.git";
			requirement = {
				branch = master;
				kind = branch;
			};
		};
		831E718F2AC01CBE0046142D /* XCRemoteSwiftPackageReference "SkeletonView" */ = {
			isa = XCRemoteSwiftPackageReference;
			repositoryURL = "https://github.com/Juanpe/SkeletonView";
			requirement = {
				kind = upToNextMajorVersion;
				minimumVersion = 1.30.4;
			};
		};
/* End XCRemoteSwiftPackageReference section */

/* Begin XCSwiftPackageProductDependency section */
		831E71852AC01BD70046142D /* Alamofire */ = {
			isa = XCSwiftPackageProductDependency;
			package = 831E71842AC01BD70046142D /* XCRemoteSwiftPackageReference "Alamofire" */;
			productName = Alamofire;
		};
		831E71882AC01C1F0046142D /* Kingfisher */ = {
			isa = XCSwiftPackageProductDependency;
			package = 831E71872AC01C1F0046142D /* XCRemoteSwiftPackageReference "Kingfisher" */;
			productName = Kingfisher;
		};
		831E718B2AC01C8B0046142D /* Realm */ = {
			isa = XCSwiftPackageProductDependency;
			package = 831E718A2AC01C8B0046142D /* XCRemoteSwiftPackageReference "realm-swift" */;
			productName = Realm;
		};
		831E718D2AC01C8B0046142D /* RealmSwift */ = {
			isa = XCSwiftPackageProductDependency;
			package = 831E718A2AC01C8B0046142D /* XCRemoteSwiftPackageReference "realm-swift" */;
			productName = RealmSwift;
		};
		831E71902AC01CBE0046142D /* SkeletonView */ = {
			isa = XCSwiftPackageProductDependency;
			package = 831E718F2AC01CBE0046142D /* XCRemoteSwiftPackageReference "SkeletonView" */;
			productName = SkeletonView;
		};
/* End XCSwiftPackageProductDependency section */
	};
	rootObject = 83627CDC2AC01A2000359317 /* Project object */;
}
